
Microsoft Visual Studio Solution File, Format Version 12.00
# Visual Studio Version 17
VisualStudioVersion = 17.0.32126.317
MinimumVisualStudioVersion = 10.0.40219.1
Project("{9A19103F-16F7-4668-BE54-9A1E7A4F7556}") = "Food_Application", "Food_Application\Food_Application.csproj", "{28A546FC-B9FC-49BA-8A7A-0B98E49CFBDF}"
EndProject
Global
	GlobalSection(SolutionConfigurationPlatforms) = preSolution
		Debug|Any CPU = Debug|Any CPU
		Release|Any CPU = Release|Any CPU
	EndGlobalSection
	GlobalSection(ProjectConfigurationPlatforms) = postSolution
		{28A546FC-B9FC-49BA-8A7A-0B98E49CFBDF}.Debug|Any CPU.ActiveCfg = Debug|Any CPU
		{28A546FC-B9FC-49BA-8A7A-0B98E49CFBDF}.Debug|Any CPU.Build.0 = Debug|Any CPU
		{28A546FC-B9FC-49BA-8A7A-0B98E49CFBDF}.Release|Any CPU.ActiveCfg = Release|Any CPU
		{28A546FC-B9FC-49BA-8A7A-0B98E49CFBDF}.Release|Any CPU.Build.0 = Release|Any CPU
	EndGlobalSection
	GlobalSection(SolutionProperties) = preSolution
		HideSolutionNode = FALSE
	EndGlobalSection
	GlobalSection(ExtensibilityGlobals) = postSolution
		SolutionGuid = {551F0C9E-3830-4F70-B922-5363DF17FA00}
	EndGlobalSection
EndGlobal
